{
  "requires": true,
  "lockfileVersion": 1,
  "dependencies": {
    "fullcalendar-scheduler": {
      "version": "5.10.2",
      "resolved": "https://registry.npmjs.org/fullcalendar-scheduler/-/fullcalendar-scheduler-5.10.2.tgz",
      "integrity": "sha512-E1FTVjQcd7ygB0MtbTKw64jlzyGwomXDa1swHcxjloKfZEdHrqUaE++7Ak3jGwHpZo05bfGNbgcnibTjhgtbwA=="
    }
  }
}
